
Microsoft Visual Studio Solution File, Format Version 12.00
# Visual Studio Version 17
VisualStudioVersion = 17.13.35919.96
MinimumVisualStudioVersion = 10.0.40219.1
Project("{FAE04EC0-301F-11D3-BF4B-00C04F79EFBC}") = "Openize.Animated.GIF", "src\Openize.Animated.GIF\Openize.Animated.GIF.csproj", "{CA25BE23-B7EE-FFDE-D700-5B64F4676E0A}"
EndProject
Project("{FAE04EC0-301F-11D3-BF4B-00C04F79EFBC}") = "Openize.Animated.GIF.Tests", "src\Openize.Animated.GIF.Tests\Openize.Animated.GIF.Tests.csproj", "{DC04EBEB-055C-AB28-9543-14D714F5EB3F}"
EndProject
Global
	GlobalSection(SolutionConfigurationPlatforms) = preSolution
		Debug|Any CPU = Debug|Any CPU
		Release|Any CPU = Release|Any CPU
	EndGlobalSection
	GlobalSection(ProjectConfigurationPlatforms) = postSolution
		{CA25BE23-B7EE-FFDE-D700-5B64F4676E0A}.Debug|Any CPU.ActiveCfg = Debug|Any CPU
		{CA25BE23-B7EE-FFDE-D700-5B64F4676E0A}.Debug|Any CPU.Build.0 = Debug|Any CPU
		{CA25BE23-B7EE-FFDE-D700-5B64F4676E0A}.Release|Any CPU.ActiveCfg = Release|Any CPU
		{CA25BE23-B7EE-FFDE-D700-5B64F4676E0A}.Release|Any CPU.Build.0 = Release|Any CPU
		{DC04EBEB-055C-AB28-9543-14D714F5EB3F}.Debug|Any CPU.ActiveCfg = Debug|Any CPU
		{DC04EBEB-055C-AB28-9543-14D714F5EB3F}.Debug|Any CPU.Build.0 = Debug|Any CPU
		{DC04EBEB-055C-AB28-9543-14D714F5EB3F}.Release|Any CPU.ActiveCfg = Release|Any CPU
		{DC04EBEB-055C-AB28-9543-14D714F5EB3F}.Release|Any CPU.Build.0 = Release|Any CPU
	EndGlobalSection
	GlobalSection(SolutionProperties) = preSolution
		HideSolutionNode = FALSE
	EndGlobalSection
	GlobalSection(ExtensibilityGlobals) = postSolution
		SolutionGuid = {9CD04039-7CD4-4A67-B562-27595D4335D7}
	EndGlobalSection
EndGlobal
